
Microsoft Visual Studio Solution File, Format Version 12.00
# Visual Studio Version 17
VisualStudioVersion = 17.6.33829.357
MinimumVisualStudioVersion = 10.0.40219.1
Project("{FAE04EC0-301F-11D3-BF4B-00C04F79EFBC}") = "PROVA.O1.QUESTAO", "PROVA.O1.QUESTAO\PROVA.O1.QUESTAO.csproj", "{FE7DA128-D234-4DFD-ADF0-77CEFB39BC93}"
EndProject
Global
	GlobalSection(SolutionConfigurationPlatforms) = preSolution
		Debug|Any CPU = Debug|Any CPU
		Release|Any CPU = Release|Any CPU
	EndGlobalSection
	GlobalSection(ProjectConfigurationPlatforms) = postSolution
		{FE7DA128-D234-4DFD-ADF0-77CEFB39BC93}.Debug|Any CPU.ActiveCfg = Debug|Any CPU
		{FE7DA128-D234-4DFD-ADF0-77CEFB39BC93}.Debug|Any CPU.Build.0 = Debug|Any CPU
		{FE7DA128-D234-4DFD-ADF0-77CEFB39BC93}.Release|Any CPU.ActiveCfg = Release|Any CPU
		{FE7DA128-D234-4DFD-ADF0-77CEFB39BC93}.Release|Any CPU.Build.0 = Release|Any CPU
	EndGlobalSection
	GlobalSection(SolutionProperties) = preSolution
		HideSolutionNode = FALSE
	EndGlobalSection
	GlobalSection(ExtensibilityGlobals) = postSolution
		SolutionGuid = {DCED3382-6D7F-4CFC-AFB1-58485FC58FC8}
	EndGlobalSection
EndGlobal
